
Microsoft Visual Studio Solution File, Format Version 12.00
# Visual Studio 2013
VisualStudioVersion = 12.0.31101.0
MinimumVisualStudioVersion = 10.0.40219.1
Project("{FAE04EC0-301F-11D3-BF4B-00C04F79EFBC}") = "BibliotecaVirtual", "BibliotecaVirtual\BibliotecaVirtual.csproj", "{D3E3719B-641C-439E-BF6A-BB69B604E8F7}"
EndProject
Project("{FAE04EC0-301F-11D3-BF4B-00C04F79EFBC}") = "BibliotecaVirtual.Tests", "BibliotecaVirtual.Tests\BibliotecaVirtual.Tests.csproj", "{277DD8AB-72B2-4342-B909-3D642782BAB5}"
EndProject
Project("{FAE04EC0-301F-11D3-BF4B-00C04F79EFBC}") = "BibliotecaVirtual.Dominio", "BibliotecaVirtual.Dominio\BibliotecaVirtual.Dominio.csproj", "{184BD145-72F1-4F73-A20F-B5BE61E08183}"
EndProject
Project("{FAE04EC0-301F-11D3-BF4B-00C04F79EFBC}") = "BibliotecaVirtual.Repository", "BibliotecaVirtual.Repository\BibliotecaVirtual.Repository.csproj", "{4A130D3D-35FB-405E-8C46-6F141712C1BE}"
EndProject
Project("{FAE04EC0-301F-11D3-BF4B-00C04F79EFBC}") = "BibliotecaVirtual.Services", "BibliotecaVirtual.Services\BibliotecaVirtual.Services.csproj", "{2A315620-6683-44E1-8D9E-4DBE5F0A1F72}"
EndProject
Project("{FAE04EC0-301F-11D3-BF4B-00C04F79EFBC}") = "BibliotecaVirtual.Common", "BibliotecaVirtual.Common\BibliotecaVirtual.Common.csproj", "{4CBAAFE6-9547-4454-8248-A461F3B8B401}"
EndProject
Project("{FAE04EC0-301F-11D3-BF4B-00C04F79EFBC}") = "BibliotecaVirtual.AutoMapper", "BibliotecaVirtual.AutoMapper\BibliotecaVirtual.AutoMapper.csproj", "{8FAAD2BA-1A32-44C8-97FD-4C377E401B9B}"
EndProject
Global
	GlobalSection(SolutionConfigurationPlatforms) = preSolution
		Debug|Any CPU = Debug|Any CPU
		Release|Any CPU = Release|Any CPU
	EndGlobalSection
	GlobalSection(ProjectConfigurationPlatforms) = postSolution
		{D3E3719B-641C-439E-BF6A-BB69B604E8F7}.Debug|Any CPU.ActiveCfg = Debug|Any CPU
		{D3E3719B-641C-439E-BF6A-BB69B604E8F7}.Debug|Any CPU.Build.0 = Debug|Any CPU
		{D3E3719B-641C-439E-BF6A-BB69B604E8F7}.Release|Any CPU.ActiveCfg = Release|Any CPU
		{D3E3719B-641C-439E-BF6A-BB69B604E8F7}.Release|Any CPU.Build.0 = Release|Any CPU
		{277DD8AB-72B2-4342-B909-3D642782BAB5}.Debug|Any CPU.ActiveCfg = Debug|Any CPU
		{277DD8AB-72B2-4342-B909-3D642782BAB5}.Debug|Any CPU.Build.0 = Debug|Any CPU
		{277DD8AB-72B2-4342-B909-3D642782BAB5}.Release|Any CPU.ActiveCfg = Release|Any CPU
		{277DD8AB-72B2-4342-B909-3D642782BAB5}.Release|Any CPU.Build.0 = Release|Any CPU
		{184BD145-72F1-4F73-A20F-B5BE61E08183}.Debug|Any CPU.ActiveCfg = Debug|Any CPU
		{184BD145-72F1-4F73-A20F-B5BE61E08183}.Debug|Any CPU.Build.0 = Debug|Any CPU
		{184BD145-72F1-4F73-A20F-B5BE61E08183}.Release|Any CPU.ActiveCfg = Release|Any CPU
		{184BD145-72F1-4F73-A20F-B5BE61E08183}.Release|Any CPU.Build.0 = Release|Any CPU
		{4A130D3D-35FB-405E-8C46-6F141712C1BE}.Debug|Any CPU.ActiveCfg = Debug|Any CPU
		{4A130D3D-35FB-405E-8C46-6F141712C1BE}.Debug|Any CPU.Build.0 = Debug|Any CPU
		{4A130D3D-35FB-405E-8C46-6F141712C1BE}.Release|Any CPU.ActiveCfg = Release|Any CPU
		{4A130D3D-35FB-405E-8C46-6F141712C1BE}.Release|Any CPU.Build.0 = Release|Any CPU
		{2A315620-6683-44E1-8D9E-4DBE5F0A1F72}.Debug|Any CPU.ActiveCfg = Debug|Any CPU
		{2A315620-6683-44E1-8D9E-4DBE5F0A1F72}.Debug|Any CPU.Build.0 = Debug|Any CPU
		{2A315620-6683-44E1-8D9E-4DBE5F0A1F72}.Release|Any CPU.ActiveCfg = Release|Any CPU
		{2A315620-6683-44E1-8D9E-4DBE5F0A1F72}.Release|Any CPU.Build.0 = Release|Any CPU
		{4CBAAFE6-9547-4454-8248-A461F3B8B401}.Debug|Any CPU.ActiveCfg = Debug|Any CPU
		{4CBAAFE6-9547-4454-8248-A461F3B8B401}.Debug|Any CPU.Build.0 = Debug|Any CPU
		{4CBAAFE6-9547-4454-8248-A461F3B8B401}.Release|Any CPU.ActiveCfg = Release|Any CPU
		{4CBAAFE6-9547-4454-8248-A461F3B8B401}.Release|Any CPU.Build.0 = Release|Any CPU
		{8FAAD2BA-1A32-44C8-97FD-4C377E401B9B}.Debug|Any CPU.ActiveCfg = Debug|Any CPU
		{8FAAD2BA-1A32-44C8-97FD-4C377E401B9B}.Debug|Any CPU.Build.0 = Debug|Any CPU
		{8FAAD2BA-1A32-44C8-97FD-4C377E401B9B}.Release|Any CPU.ActiveCfg = Release|Any CPU
		{8FAAD2BA-1A32-44C8-97FD-4C377E401B9B}.Release|Any CPU.Build.0 = Release|Any CPU
	EndGlobalSection
	GlobalSection(SolutionProperties) = preSolution
		HideSolutionNode = FALSE
	EndGlobalSection
EndGlobal
